
Microsoft Visual Studio Solution File, Format Version 12.00
# Visual Studio 14
VisualStudioVersion = 14.0.25420.1
MinimumVisualStudioVersion = 10.0.40219.1
Project("{FAE04EC0-301F-11D3-BF4B-00C04F79EFBC}") = "Shared", "Shared\Shared.csproj", "{5227A0F6-C8CD-4A8B-B8BB-870BDE42F88B}"
EndProject
Project("{FAE04EC0-301F-11D3-BF4B-00C04F79EFBC}") = "Olive.Admin", "Olive.Admin\Olive.Admin.csproj", "{C7E1E007-46DE-424C-82AE-018086DD43B9}"
EndProject
Project("{FAE04EC0-301F-11D3-BF4B-00C04F79EFBC}") = "Olives", "Olives\Olives.csproj", "{0ADE9646-30D3-48CE-BCDE-8A1684401973}"
EndProject
Project("{FAE04EC0-301F-11D3-BF4B-00C04F79EFBC}") = "MultipartFormDataMediaFormatter", "MultipartFormDataFormatter\MultipartFormDataMediaFormatter.csproj", "{1F851995-9C6B-4B34-82AF-AC4E075F00C2}"
EndProject
Project("{FAE04EC0-301F-11D3-BF4B-00C04F79EFBC}") = "Olives.Job", "Olives.Job\Olives.Job.csproj", "{016581C8-ADA7-4132-89BD-2CAEC3A537FB}"
EndProject
Global
	GlobalSection(SolutionConfigurationPlatforms) = preSolution
		Debug|Any CPU = Debug|Any CPU
		Release|Any CPU = Release|Any CPU
	EndGlobalSection
	GlobalSection(ProjectConfigurationPlatforms) = postSolution
		{5227A0F6-C8CD-4A8B-B8BB-870BDE42F88B}.Debug|Any CPU.ActiveCfg = Debug|Any CPU
		{5227A0F6-C8CD-4A8B-B8BB-870BDE42F88B}.Debug|Any CPU.Build.0 = Debug|Any CPU
		{5227A0F6-C8CD-4A8B-B8BB-870BDE42F88B}.Release|Any CPU.ActiveCfg = Release|Any CPU
		{5227A0F6-C8CD-4A8B-B8BB-870BDE42F88B}.Release|Any CPU.Build.0 = Release|Any CPU
		{C7E1E007-46DE-424C-82AE-018086DD43B9}.Debug|Any CPU.ActiveCfg = Debug|Any CPU
		{C7E1E007-46DE-424C-82AE-018086DD43B9}.Debug|Any CPU.Build.0 = Debug|Any CPU
		{C7E1E007-46DE-424C-82AE-018086DD43B9}.Release|Any CPU.ActiveCfg = Release|Any CPU
		{C7E1E007-46DE-424C-82AE-018086DD43B9}.Release|Any CPU.Build.0 = Release|Any CPU
		{0ADE9646-30D3-48CE-BCDE-8A1684401973}.Debug|Any CPU.ActiveCfg = Debug|Any CPU
		{0ADE9646-30D3-48CE-BCDE-8A1684401973}.Debug|Any CPU.Build.0 = Debug|Any CPU
		{0ADE9646-30D3-48CE-BCDE-8A1684401973}.Release|Any CPU.ActiveCfg = Release|Any CPU
		{0ADE9646-30D3-48CE-BCDE-8A1684401973}.Release|Any CPU.Build.0 = Release|Any CPU
		{1F851995-9C6B-4B34-82AF-AC4E075F00C2}.Debug|Any CPU.ActiveCfg = Debug|Any CPU
		{1F851995-9C6B-4B34-82AF-AC4E075F00C2}.Debug|Any CPU.Build.0 = Debug|Any CPU
		{1F851995-9C6B-4B34-82AF-AC4E075F00C2}.Release|Any CPU.ActiveCfg = Release|Any CPU
		{1F851995-9C6B-4B34-82AF-AC4E075F00C2}.Release|Any CPU.Build.0 = Release|Any CPU
		{D2284679-5E31-4194-94DC-31CCFF1D1E5D}.Debug|Any CPU.ActiveCfg = Debug|Any CPU
		{D2284679-5E31-4194-94DC-31CCFF1D1E5D}.Debug|Any CPU.Build.0 = Debug|Any CPU
		{D2284679-5E31-4194-94DC-31CCFF1D1E5D}.Release|Any CPU.ActiveCfg = Release|Any CPU
		{D2284679-5E31-4194-94DC-31CCFF1D1E5D}.Release|Any CPU.Build.0 = Release|Any CPU
		{016581C8-ADA7-4132-89BD-2CAEC3A537FB}.Debug|Any CPU.ActiveCfg = Debug|Any CPU
		{016581C8-ADA7-4132-89BD-2CAEC3A537FB}.Debug|Any CPU.Build.0 = Debug|Any CPU
		{016581C8-ADA7-4132-89BD-2CAEC3A537FB}.Release|Any CPU.ActiveCfg = Release|Any CPU
		{016581C8-ADA7-4132-89BD-2CAEC3A537FB}.Release|Any CPU.Build.0 = Release|Any CPU
	EndGlobalSection
	GlobalSection(SolutionProperties) = preSolution
		HideSolutionNode = FALSE
	EndGlobalSection
EndGlobal
